
Microsoft Visual Studio Solution File, Format Version 12.00
# Visual Studio 2013
VisualStudioVersion = 12.0.31101.0
MinimumVisualStudioVersion = 10.0.40219.1
Project("{FAE04EC0-301F-11D3-BF4B-00C04F79EFBC}") = "ExtJsTest", "ExtJsTest\ExtJsTest.csproj", "{C78A8B22-1B49-408F-A8B9-8E354ACC9816}"
EndProject
Project("{FAE04EC0-301F-11D3-BF4B-00C04F79EFBC}") = "ExtJsTest.Dao", "ExtJsTest.Dao\ExtJsTest.Dao.csproj", "{610DB029-27F7-4D24-9BD5-43C3B65D4D56}"
EndProject
Global
	GlobalSection(SolutionConfigurationPlatforms) = preSolution
		Debug|Any CPU = Debug|Any CPU
		Release|Any CPU = Release|Any CPU
	EndGlobalSection
	GlobalSection(ProjectConfigurationPlatforms) = postSolution
		{C78A8B22-1B49-408F-A8B9-8E354ACC9816}.Debug|Any CPU.ActiveCfg = Debug|Any CPU
		{C78A8B22-1B49-408F-A8B9-8E354ACC9816}.Debug|Any CPU.Build.0 = Debug|Any CPU
		{C78A8B22-1B49-408F-A8B9-8E354ACC9816}.Release|Any CPU.ActiveCfg = Release|Any CPU
		{C78A8B22-1B49-408F-A8B9-8E354ACC9816}.Release|Any CPU.Build.0 = Release|Any CPU
		{610DB029-27F7-4D24-9BD5-43C3B65D4D56}.Debug|Any CPU.ActiveCfg = Debug|Any CPU
		{610DB029-27F7-4D24-9BD5-43C3B65D4D56}.Debug|Any CPU.Build.0 = Debug|Any CPU
		{610DB029-27F7-4D24-9BD5-43C3B65D4D56}.Release|Any CPU.ActiveCfg = Release|Any CPU
		{610DB029-27F7-4D24-9BD5-43C3B65D4D56}.Release|Any CPU.Build.0 = Release|Any CPU
	EndGlobalSection
	GlobalSection(SolutionProperties) = preSolution
		HideSolutionNode = FALSE
	EndGlobalSection
EndGlobal
